<?xml version="1.0" encoding="utf-8"?>
<Project ToolsVersion="4.0" xmlns="http://schemas.microsoft.com/developer/msbuild/2003">
  <ItemGroup>
    <Filter Include="Source Files">
      <UniqueIdentifier>{4FC737F1-C7A5-4376-A066-2A32D752A2FF}</UniqueIdentifier>
      <Extensions>cpp;c;cc;cxx;def;odl;idl;hpj;bat;asm;asmx</Extensions>
    </Filter>
    <Filter Include="Header Files">
      <UniqueIdentifier>{93995380-89BD-4b04-88EB-625FBE52EBFB}</UniqueIdentifier>
      <Extensions>h;hh;hpp;hxx;hm;inl;inc;xsd</Extensions>
    </Filter>
    <Filter Include="Resource Files">
      <UniqueIdentifier>{67DA6AB6-F800-4c08-8B7A-83BB121AAD01}</UniqueIdentifier>
      <Extensions>rc;ico;cur;bmp;dlg;rc2;rct;bin;rgs;gif;jpg;jpeg;jpe;resx;tiff;tif;png;wav;mfcribbon-ms</Extensions>
    </Filter>
    <Filter Include="Header Files\Graphics">
      <UniqueIdentifier>{00939e74-dca8-472d-8492-02a48abd196d}</UniqueIdentifier>
    </Filter>
    <Filter Include="Header Files\Math">
      <UniqueIdentifier>{78754fca-8dff-400b-ac4f-3f0e09cc3730}</UniqueIdentifier>
    </Filter>
    <Filter Include="Source Files\Graphics">
      <UniqueIdentifier>{12dd1ed5-c86e-472a-a67f-ecb9dd5e2a83}</UniqueIdentifier>
    </Filter>
    <Filter Include="Source Files\Math">
      <UniqueIdentifier>{6db8757f-5c5e-41ca-bf5d-5a05ba88cdca}</UniqueIdentifier>
    </Filter>
    <Filter Include="Header Files\Utilities">
      <UniqueIdentifier>{b0db4d01-0bc6-44ab-9ad2-8c8a31c88bf3}</UniqueIdentifier>
    </Filter>
    <Filter Include="Source Files\Utilities">
      <UniqueIdentifier>{2cda4123-b352-4d90-897a-cf2be501cdff}</UniqueIdentifier>
    </Filter>
    <Filter Include="Source Files\Utilities\FileSystem">
      <UniqueIdentifier>{47055aa5-304e-4704-b11f-8d43d4563b92}</UniqueIdentifier>
    </Filter>
    <Filter Include="Header Files\Utilities\Filesystem">
      <UniqueIdentifier>{a5cd5cf3-34e7-451d-a5e2-c044c7658103}</UniqueIdentifier>
    </Filter>
  </ItemGroup>
  <ItemGroup>
    <ClCompile Include="Main.cpp">
      <Filter>Source Files</Filter>
    </ClCompile>
    <ClCompile Include="Sprite.cpp">
      <Filter>Source Files\Graphics</Filter>
    </ClCompile>
    <ClCompile Include="Texture.cpp">
      <Filter>Source Files\Graphics</Filter>
    </ClCompile>
    <ClCompile Include="Shader.cpp">
      <Filter>Source Files\Graphics</Filter>
    </ClCompile>
    <ClCompile Include="Matrix.cpp">
      <Filter>Source Files\Math</Filter>
    </ClCompile>
    <ClCompile Include="Transform.cpp">
      <Filter>Source Files\Math</Filter>
    </ClCompile>
    <ClCompile Include="Vector.cpp">
      <Filter>Source Files\Math</Filter>
    </ClCompile>
    <ClCompile Include="FileSystem.cpp">
      <Filter>Source Files\Utilities\FileSystem</Filter>
    </ClCompile>
    <ClCompile Include="Rectangle.cpp">
      <Filter>Source Files\Math</Filter>
    </ClCompile>
    <ClCompile Include="lodepng.cpp">
      <Filter>Source Files\Utilities\FileSystem</Filter>
    </ClCompile>
    <ClCompile Include="Quaternion.cpp">
      <Filter>Source Files\Math</Filter>
    </ClCompile>
    <ClCompile Include="SpriteBatch.cpp">
      <Filter>Source Files\Graphics</Filter>
    </ClCompile>
    <ClCompile Include="Timer.cpp">
      <Filter>Source Files\Utilities</Filter>
    </ClCompile>
    <ClCompile Include="Config.cpp">
      <Filter>Source Files</Filter>
    </ClCompile>
  </ItemGroup>
  <ItemGroup>
    <ClInclude Include="Config.hpp">
      <Filter>Header Files</Filter>
    </ClInclude>
    <ClInclude Include="SpriteGL.hpp">
      <Filter>Header Files</Filter>
    </ClInclude>
    <ClInclude Include="Shader.hpp">
      <Filter>Header Files\Graphics</Filter>
    </ClInclude>
    <ClInclude Include="Sprite.hpp">
      <Filter>Header Files\Graphics</Filter>
    </ClInclude>
    <ClInclude Include="Texture.hpp">
      <Filter>Header Files\Graphics</Filter>
    </ClInclude>
    <ClInclude Include="Matrix.hpp">
      <Filter>Header Files\Math</Filter>
    </ClInclude>
    <ClInclude Include="Transform.hpp">
      <Filter>Header Files\Math</Filter>
    </ClInclude>
    <ClInclude Include="Vector.hpp">
      <Filter>Header Files\Math</Filter>
    </ClInclude>
    <ClInclude Include="FileSystem.hpp">
      <Filter>Header Files\Utilities\Filesystem</Filter>
    </ClInclude>
    <ClInclude Include="Rectangle.hpp">
      <Filter>Header Files\Math</Filter>
    </ClInclude>
    <ClInclude Include="lodepng.h">
      <Filter>Header Files\Utilities\Filesystem</Filter>
    </ClInclude>
    <ClInclude Include="Quaternion.hpp">
      <Filter>Header Files\Math</Filter>
    </ClInclude>
    <ClInclude Include="SpriteBatch.hpp">
      <Filter>Header Files\Graphics</Filter>
    </ClInclude>
    <ClInclude Include="SGLMath.hpp">
      <Filter>Header Files\Math</Filter>
    </ClInclude>
    <ClInclude Include="Timer.hpp">
      <Filter>Header Files\Utilities</Filter>
    </ClInclude>
  </ItemGroup>
</Project>